// !$*UTF8*$!
{
	archiveVersion = 1;
	classes = {
	};
	objectVersion = 50;
	objects = {

/* Begin PBXBuildFile section */
		824276802441D7B200D2D4D9 /* AppDelegate.swift in Sources */ = {isa = PBXBuildFile; fileRef = 8242767F2441D7B200D2D4D9 /* AppDelegate.swift */; };
		824276822441D7B200D2D4D9 /* SceneDelegate.swift in Sources */ = {isa = PBXBuildFile; fileRef = 824276812441D7B200D2D4D9 /* SceneDelegate.swift */; };
		824276842441D7B200D2D4D9 /* ContentView.swift in Sources */ = {isa = PBXBuildFile; fileRef = 824276832441D7B200D2D4D9 /* ContentView.swift */; };
		824276862441D7B400D2D4D9 /* Assets.xcassets in Resources */ = {isa = PBXBuildFile; fileRef = 824276852441D7B400D2D4D9 /* Assets.xcassets */; };
		824276892441D7B400D2D4D9 /* Preview Assets.xcassets in Resources */ = {isa = PBXBuildFile; fileRef = 824276882441D7B400D2D4D9 /* Preview Assets.xcassets */; };
		8242768C2441D7B400D2D4D9 /* LaunchScreen.storyboard in Resources */ = {isa = PBXBuildFile; fileRef = 8242768A2441D7B400D2D4D9 /* LaunchScreen.storyboard */; };
		824276942441D82300D2D4D9 /* PresentModifier.swift in Sources */ = {isa = PBXBuildFile; fileRef = 824276932441D82300D2D4D9 /* PresentModifier.swift */; };
/* End PBXBuildFile section */

/* Begin PBXFileReference section */
		8242767C2441D7B200D2D4D9 /* SwiftUI-FullModal.app */ = {isa = PBXFileReference; explicitFileType = wrapper.application; includeInIndex = 0; path = "SwiftUI-FullModal.app"; sourceTree = BUILT_PRODUCTS_DIR; };
		8242767F2441D7B200D2D4D9 /* AppDelegate.swift */ = {isa = PBXFileReference; lastKnownFileType = sourcecode.swift; path = AppDelegate.swift; sourceTree = "<group>"; };
		824276812441D7B200D2D4D9 /* SceneDelegate.swift */ = {isa = PBXFileReference; lastKnownFileType = sourcecode.swift; path = SceneDelegate.swift; sourceTree = "<group>"; };
		824276832441D7B200D2D4D9 /* ContentView.swift */ = {isa = PBXFileReference; lastKnownFileType = sourcecode.swift; path = ContentView.swift; sourceTree = "<group>"; };
		824276852441D7B400D2D4D9 /* Assets.xcassets */ = {isa = PBXFileReference; lastKnownFileType = folder.assetcatalog; path = Assets.xcassets; sourceTree = "<group>"; };
		824276882441D7B400D2D4D9 /* Preview Assets.xcassets */ = {isa = PBXFileReference; lastKnownFileType = folder.assetcatalog; path = "Preview Assets.xcassets"; sourceTree = "<group>"; };
		8242768B2441D7B400D2D4D9 /* Base */ = {isa = PBXFileReference; lastKnownFileType = file.storyboard; name = Base; path = Base.lproj/LaunchScreen.storyboard; sourceTree = "<group>"; };
		8242768D2441D7B400D2D4D9 /* Info.plist */ = {isa = PBXFileReference; lastKnownFileType = text.plist.xml; path = Info.plist; sourceTree = "<group>"; };
		824276932441D82300D2D4D9 /* PresentModifier.swift */ = {isa = PBXFileReference; lastKnownFileType = sourcecode.swift; path = PresentModifier.swift; sourceTree = "<group>"; };
/* End PBXFileReference section */

/* Begin PBXFrameworksBuildPhase section */
		824276792441D7B200D2D4D9 /* Frameworks */ = {
			isa = PBXFrameworksBuildPhase;
			buildActionMask = 2147483647;
			files = (
			);
			runOnlyForDeploymentPostprocessing = 0;
		};
/* End PBXFrameworksBuildPhase section */

/* Begin PBXGroup section */
		824276732441D7B200D2D4D9 = {
			isa = PBXGroup;
			children = (
				8242767E2441D7B200D2D4D9 /* SwiftUI-FullModal */,
				8242767D2441D7B200D2D4D9 /* Products */,
			);
			sourceTree = "<group>";
		};
		8242767D2441D7B200D2D4D9 /* Products */ = {
			isa = PBXGroup;
			children = (
				8242767C2441D7B200D2D4D9 /* SwiftUI-FullModal.app */,
			);
			name = Products;
			sourceTree = "<group>";
		};
		8242767E2441D7B200D2D4D9 /* SwiftUI-FullModal */ = {
			isa = PBXGroup;
			children = (
				8242767F2441D7B200D2D4D9 /* AppDelegate.swift */,
				824276812441D7B200D2D4D9 /* SceneDelegate.swift */,
				824276832441D7B200D2D4D9 /* ContentView.swift */,
				824276932441D82300D2D4D9 /* PresentModifier.swift */,
				824276852441D7B400D2D4D9 /* Assets.xcassets */,
				8242768A2441D7B400D2D4D9 /* LaunchScreen.storyboard */,
				8242768D2441D7B400D2D4D9 /* Info.plist */,
				824276872441D7B400D2D4D9 /* Preview Content */,
			);
			path = "SwiftUI-FullModal";
			sourceTree = "<group>";
		};
		824276872441D7B400D2D4D9 /* Preview Content */ = {
			isa = PBXGroup;
			children = (
				824276882441D7B400D2D4D9 /* Preview Assets.xcassets */,
			);
			path = "Preview Content";
			sourceTree = "<group>";
		};
/* End PBXGroup section */

/* Begin PBXNativeTarget section */
		8242767B2441D7B200D2D4D9 /* SwiftUI-FullModal */ = {
			isa = PBXNativeTarget;
			buildConfigurationList = 824276902441D7B400D2D4D9 /* Build configuration list for PBXNativeTarget "SwiftUI-FullModal" */;
			buildPhases = (
				824276782441D7B200D2D4D9 /* Sources */,
				824276792441D7B200D2D4D9 /* Frameworks */,
				8242767A2441D7B200D2D4D9 /* Resources */,
			);
			buildRules = (
			);
			dependencies = (
			);
			name = "SwiftUI-FullModal";
			productName = "SwiftUI-FullModal";
			productReference = 8242767C2441D7B200D2D4D9 /* SwiftUI-FullModal.app */;
			productType = "com.apple.product-type.application";
		};
/* End PBXNativeTarget section */

/* Begin PBXProject section */
		824276742441D7B200D2D4D9 /* Project object */ = {
			isa = PBXProject;
			attributes = {
				LastSwiftUpdateCheck = 1140;
				LastUpgradeCheck = 1140;
				ORGANIZATIONNAME = "Klemen Košir";
				TargetAttributes = {
					8242767B2441D7B200D2D4D9 = {
						CreatedOnToolsVersion = 11.4;
					};
				};
			};
			buildConfigurationList = 824276772441D7B200D2D4D9 /* Build configuration list for PBXProject "SwiftUI-FullModal" */;
			compatibilityVersion = "Xcode 9.3";
			developmentRegion = en;
			hasScannedForEncodings = 0;
			knownRegions = (
				en,
				Base,
			);
			mainGroup = 824276732441D7B200D2D4D9;
			productRefGroup = 8242767D2441D7B200D2D4D9 /* Products */;
			projectDirPath = "";
			projectRoot = "";
			targets = (
				8242767B2441D7B200D2D4D9 /* SwiftUI-FullModal */,
			);
		};
/* End PBXProject section */

/* Begin PBXResourcesBuildPhase section */
		8242767A2441D7B200D2D4D9 /* Resources */ = {
			isa = PBXResourcesBuildPhase;
			buildActionMask = 2147483647;
			files = (
				8242768C2441D7B400D2D4D9 /* LaunchScreen.storyboard in Resources */,
				824276892441D7B400D2D4D9 /* Preview Assets.xcassets in Resources */,
				824276862441D7B400D2D4D9 /* Assets.xcassets in Resources */,
			);
			runOnlyForDeploymentPostprocessing = 0;
		};
/* End PBXResourcesBuildPhase section */

/* Begin PBXSourcesBuildPhase section */
		824276782441D7B200D2D4D9 /* Sources */ = {
			isa = PBXSourcesBuildPhase;
			buildActionMask = 2147483647;
			files = (
				824276802441D7B200D2D4D9 /* AppDelegate.swift in Sources */,
				824276942441D82300D2D4D9 /* PresentModifier.swift in Sources */,
				824276822441D7B200D2D4D9 /* SceneDelegate.swift in Sources */,
				824276842441D7B200D2D4D9 /* ContentView.swift in Sources */,
			);
			runOnlyForDeploymentPostprocessing = 0;
		};
/* End PBXSourcesBuildPhase section */

/* Begin PBXVariantGroup section */
		8242768A2441D7B400D2D4D9 /* LaunchScreen.storyboard */ = {
			isa = PBXVariantGroup;
			children = (
				8242768B2441D7B400D2D4D9 /* Base */,
			);
			name = LaunchScreen.storyboard;
			sourceTree = "<group>";
		};
/* End PBXVariantGroup section */

/* Begin XCBuildConfiguration section */
		8242768E2441D7B400D2D4D9 /* Debug */ = {
			isa = XCBuildConfiguration;
			buildSettings = {
				ALWAYS_SEARCH_USER_PATHS = NO;
				CLANG_ANALYZER_NONNULL = YES;
				CLANG_ANALYZER_NUMBER_OBJECT_CONVERSION = YES_AGGRESSIVE;
				CLANG_CXX_LANGUAGE_STANDARD = "gnu++14";
				CLANG_CXX_LIBRARY = "libc++";
				CLANG_ENABLE_MODULES = YES;
				CLANG_ENABLE_OBJC_ARC = YES;
				CLANG_ENABLE_OBJC_WEAK = YES;
				CLANG_WARN_BLOCK_CAPTURE_AUTORELEASING = YES;
				CLANG_WARN_BOOL_CONVERSION = YES;
				CLANG_WARN_COMMA = YES;
				CLANG_WARN_CONSTANT_CONVERSION = YES;
				CLANG_WARN_DEPRECATED_OBJC_IMPLEMENTATIONS = YES;
				CLANG_WARN_DIRECT_OBJC_ISA_USAGE = YES_ERROR;
				CLANG_WARN_DOCUMENTATION_COMMENTS = YES;
				CLANG_WARN_EMPTY_BODY = YES;
				CLANG_WARN_ENUM_CONVERSION = YES;
				CLANG_WARN_INFINITE_RECURSION = YES;
				CLANG_WARN_INT_CONVERSION = YES;
				CLANG_WARN_NON_LITERAL_NULL_CONVERSION = YES;
				CLANG_WARN_OBJC_IMPLICIT_RETAIN_SELF = YES;
				CLANG_WARN_OBJC_LITERAL_CONVERSION = YES;
				CLANG_WARN_OBJC_ROOT_CLASS = YES_ERROR;
				CLANG_WARN_RANGE_LOOP_ANALYSIS = YES;
				CLANG_WARN_STRICT_PROTOTYPES = YES;
				CLANG_WARN_SUSPICIOUS_MOVE = YES;
				CLANG_WARN_UNGUARDED_AVAILABILITY = YES_AGGRESSIVE;
				CLANG_WARN_UNREACHABLE_CODE = YES;
				CLANG_WARN__DUPLICATE_METHOD_MATCH = YES;
				COPY_PHASE_STRIP = NO;
				DEBUG_INFORMATION_FORMAT = dwarf;
				ENABLE_STRICT_OBJC_MSGSEND = YES;
				ENABLE_TESTABILITY = YES;
				GCC_C_LANGUAGE_STANDARD = gnu11;
				GCC_DYNAMIC_NO_PIC = NO;
				GCC_NO_COMMON_BLOCKS = YES;
				GCC_OPTIMIZATION_LEVEL = 0;
				GCC_PREPROCESSOR_DEFINITIONS = (
					"DEBUG=1",
					"$(inherited)",
				);
				GCC_WARN_64_TO_32_BIT_CONVERSION = YES;
				GCC_WARN_ABOUT_RETURN_TYPE = YES_ERROR;
				GCC_WARN_UNDECLARED_SELECTOR = YES;
				GCC_WARN_UNINITIALIZED_AUTOS = YES_AGGRESSIVE;
				GCC_WARN_UNUSED_FUNCTION = YES;
				GCC_WARN_UNUSED_VARIABLE = YES;
				IPHONEOS_DEPLOYMENT_TARGET = 13.4;
				MTL_ENABLE_DEBUG_INFO = INCLUDE_SOURCE;
				MTL_FAST_MATH = YES;
				ONLY_ACTIVE_ARCH = YES;
				SDKROOT = iphoneos;
				SWIFT_ACTIVE_COMPILATION_CONDITIONS = DEBUG;
				SWIFT_OPTIMIZATION_LEVEL = "-Onone";
			};
			name = Debug;
		};
		8242768F2441D7B400D2D4D9 /* Release */ = {
			isa = XCBuildConfiguration;
			buildSettings = {
				ALWAYS_SEARCH_USER_PATHS = NO;
				CLANG_ANALYZER_NONNULL = YES;
				CLANG_ANALYZER_NUMBER_OBJECT_CONVERSION = YES_AGGRESSIVE;
				CLANG_CXX_LANGUAGE_STANDARD = "gnu++14";
				CLANG_CXX_LIBRARY = "libc++";
				CLANG_ENABLE_MODULES = YES;
				CLANG_ENABLE_OBJC_ARC = YES;
				CLANG_ENABLE_OBJC_WEAK = YES;
				CLANG_WARN_BLOCK_CAPTURE_AUTORELEASING = YES;
				CLANG_WARN_BOOL_CONVERSION = YES;
				CLANG_WARN_COMMA = YES;
				CLANG_WARN_CONSTANT_CONVERSION = YES;
				CLANG_WARN_DEPRECATED_OBJC_IMPLEMENTATIONS = YES;
				CLANG_WARN_DIRECT_OBJC_ISA_USAGE = YES_ERROR;
				CLANG_WARN_DOCUMENTATION_COMMENTS = YES;
				CLANG_WARN_EMPTY_BODY = YES;
				CLANG_WARN_ENUM_CONVERSION = YES;
				CLANG_WARN_INFINITE_RECURSION = YES;
				CLANG_WARN_INT_CONVERSION = YES;
				CLANG_WARN_NON_LITERAL_NULL_CONVERSION = YES;
				CLANG_WARN_OBJC_IMPLICIT_RETAIN_SELF = YES;
				CLANG_WARN_OBJC_LITERAL_CONVERSION = YES;
				CLANG_WARN_OBJC_ROOT_CLASS = YES_ERROR;
				CLANG_WARN_RANGE_LOOP_ANALYSIS = YES;
				CLANG_WARN_STRICT_PROTOTYPES = YES;
				CLANG_WARN_SUSPICIOUS_MOVE = YES;
				CLANG_WARN_UNGUARDED_AVAILABILITY = YES_AGGRESSIVE;
				CLANG_WARN_UNREACHABLE_CODE = YES;
				CLANG_WARN__DUPLICATE_METHOD_MATCH = YES;
				COPY_PHASE_STRIP = NO;
				DEBUG_INFORMATION_FORMAT = "dwarf-with-dsym";
				ENABLE_NS_ASSERTIONS = NO;
				ENABLE_STRICT_OBJC_MSGSEND = YES;
				GCC_C_LANGUAGE_STANDARD = gnu11;
				GCC_NO_COMMON_BLOCKS = YES;
				GCC_WARN_64_TO_32_BIT_CONVERSION = YES;
				GCC_WARN_ABOUT_RETURN_TYPE = YES_ERROR;
				GCC_WARN_UNDECLARED_SELECTOR = YES;
				GCC_WARN_UNINITIALIZED_AUTOS = YES_AGGRESSIVE;
				GCC_WARN_UNUSED_FUNCTION = YES;
				GCC_WARN_UNUSED_VARIABLE = YES;
				IPHONEOS_DEPLOYMENT_TARGET = 13.4;
				MTL_ENABLE_DEBUG_INFO = NO;
				MTL_FAST_MATH = YES;
				SDKROOT = iphoneos;
				SWIFT_COMPILATION_MODE = wholemodule;
				SWIFT_OPTIMIZATION_LEVEL = "-O";
				VALIDATE_PRODUCT = YES;
			};
			name = Release;
		};
		824276912441D7B400D2D4D9 /* Debug */ = {
			isa = XCBuildConfiguration;
			buildSettings = {
				ASSETCATALOG_COMPILER_APPICON_NAME = AppIcon;
				CODE_SIGN_STYLE = Automatic;
				DEVELOPMENT_ASSET_PATHS = "\"SwiftUI-FullModal/Preview Content\"";
				DEVELOPMENT_TEAM = ZU8BPHNXQD;
				ENABLE_PREVIEWS = YES;
				INFOPLIST_FILE = "SwiftUI-FullModal/Info.plist";
				LD_RUNPATH_SEARCH_PATHS = (
					"$(inherited)",
					"@executable_path/Frameworks",
				);
				PRODUCT_BUNDLE_IDENTIFIER = "com.klemenkosir.SwiftUI-FullModal";
				PRODUCT_NAME = "$(TARGET_NAME)";
				SWIFT_VERSION = 5.0;
				TARGETED_DEVICE_FAMILY = "1,2";
			};
			name = Debug;
		};
		824276922441D7B400D2D4D9 /* Release */ = {
			isa = XCBuildConfiguration;
			buildSettings = {
				ASSETCATALOG_COMPILER_APPICON_NAME = AppIcon;
				CODE_SIGN_STYLE = Automatic;
				DEVELOPMENT_ASSET_PATHS = "\"SwiftUI-FullModal/Preview Content\"";
				DEVELOPMENT_TEAM = ZU8BPHNXQD;
				ENABLE_PREVIEWS = YES;
				INFOPLIST_FILE = "SwiftUI-FullModal/Info.plist";
				LD_RUNPATH_SEARCH_PATHS = (
					"$(inherited)",
					"@executable_path/Frameworks",
				);
				PRODUCT_BUNDLE_IDENTIFIER = "com.klemenkosir.SwiftUI-FullModal";
				PRODUCT_NAME = "$(TARGET_NAME)";
				SWIFT_VERSION = 5.0;
				TARGETED_DEVICE_FAMILY = "1,2";
			};
			name = Release;
		};
/* End XCBuildConfiguration section */

/* Begin XCConfigurationList section */
		824276772441D7B200D2D4D9 /* Build configuration list for PBXProject "SwiftUI-FullModal" */ = {
			isa = XCConfigurationList;
			buildConfigurations = (
				8242768E2441D7B400D2D4D9 /* Debug */,
				8242768F2441D7B400D2D4D9 /* Release */,
			);
			defaultConfigurationIsVisible = 0;
			defaultConfigurationName = Release;
		};
		824276902441D7B400D2D4D9 /* Build configuration list for PBXNativeTarget "SwiftUI-FullModal" */ = {
			isa = XCConfigurationList;
			buildConfigurations = (
				824276912441D7B400D2D4D9 /* Debug */,
				824276922441D7B400D2D4D9 /* Release */,
			);
			defaultConfigurationIsVisible = 0;
			defaultConfigurationName = Release;
		};
/* End XCConfigurationList section */
	};
	rootObject = 824276742441D7B200D2D4D9 /* Project object */;
}
